
Microsoft Visual Studio Solution File, Format Version 12.00
# Visual Studio Version 16
VisualStudioVersion = 16.0.29709.97
MinimumVisualStudioVersion = 10.0.40219.1
Project("{FAE04EC0-301F-11D3-BF4B-00C04F79EFBC}") = "adatbazis", "adatbazis\adatbazis.csproj", "{942C5428-7FEB-473C-BD1D-E7521F68C602}"
EndProject
Global
	GlobalSection(SolutionConfigurationPlatforms) = preSolution
		Debug|Any CPU = Debug|Any CPU
		Release|Any CPU = Release|Any CPU
	EndGlobalSection
	GlobalSection(ProjectConfigurationPlatforms) = postSolution
		{942C5428-7FEB-473C-BD1D-E7521F68C602}.Debug|Any CPU.ActiveCfg = Debug|Any CPU
		{942C5428-7FEB-473C-BD1D-E7521F68C602}.Debug|Any CPU.Build.0 = Debug|Any CPU
		{942C5428-7FEB-473C-BD1D-E7521F68C602}.Release|Any CPU.ActiveCfg = Release|Any CPU
		{942C5428-7FEB-473C-BD1D-E7521F68C602}.Release|Any CPU.Build.0 = Release|Any CPU
	EndGlobalSection
	GlobalSection(SolutionProperties) = preSolution
		HideSolutionNode = FALSE
	EndGlobalSection
	GlobalSection(ExtensibilityGlobals) = postSolution
		SolutionGuid = {D3927C3A-EE25-4173-8B45-20B5A9202F86}
	EndGlobalSection
EndGlobal
